
Microsoft Visual Studio Solution File, Format Version 12.00
# Visual Studio Version 16
VisualStudioVersion = 16.0.30413.136
MinimumVisualStudioVersion = 10.0.40219.1
Project("{FAE04EC0-301F-11D3-BF4B-00C04F79EFBC}") = "ServiceWorkerSampleApp", "ServiceWorkerSampleApp.csproj", "{475933E3-4FC4-4DFD-815E-453DF245280D}"
EndProject
Global
	GlobalSection(SolutionConfigurationPlatforms) = preSolution
		Debug|Any CPU = Debug|Any CPU
		Release|Any CPU = Release|Any CPU
	EndGlobalSection
	GlobalSection(ProjectConfigurationPlatforms) = postSolution
		{475933E3-4FC4-4DFD-815E-453DF245280D}.Debug|Any CPU.ActiveCfg = Debug|Any CPU
		{475933E3-4FC4-4DFD-815E-453DF245280D}.Debug|Any CPU.Build.0 = Debug|Any CPU
		{475933E3-4FC4-4DFD-815E-453DF245280D}.Release|Any CPU.ActiveCfg = Release|Any CPU
		{475933E3-4FC4-4DFD-815E-453DF245280D}.Release|Any CPU.Build.0 = Release|Any CPU
	EndGlobalSection
	GlobalSection(SolutionProperties) = preSolution
		HideSolutionNode = FALSE
	EndGlobalSection
	GlobalSection(ExtensibilityGlobals) = postSolution
		SolutionGuid = {AF69DD4D-7417-43AA-9C77-B16D4922215A}
	EndGlobalSection
EndGlobal
